{
  "name": "twblog",
  "version": "1.0.0",
  "lockfileVersion": 2,
  "requires": true,
  "packages": {
    "": {
      "name": "twblog",
      "version": "1.0.0",
      "license": "ISC",
      "dependencies": {
        "darken": "^1.1.0",
        "date-fns": "^2.9.0",
        "slug": "^2.1.0",
        "slugify": "^1.3.6"
      }
    },
    "node_modules/darken": {
      "version": "1.1.0",
      "resolved": "https://registry.npmjs.org/darken/-/darken-1.1.0.tgz",
      "integrity": "sha512-tCLhveKA8H3IFXxblz0tAti5CZs+dHApiNQwxmi1s0ZSH8zJSqwo50FTrZBKQH4L9Q1+6ZAbp5U6iKivtIfRCA=="
    },
    "node_modules/date-fns": {
      "version": "2.9.0",
      "resolved": "https://registry.npmjs.org/date-fns/-/date-fns-2.9.0.tgz",
      "integrity": "sha512-khbFLu/MlzLjEzy9Gh8oY1hNt/Dvxw3J6Rbc28cVoYWQaC1S3YI4xwkF9ZWcjDLscbZlY9hISMr66RFzZagLsA=="
    },
    "node_modules/slug": {
      "version": "2.1.0",
      "resolved": "https://registry.npmjs.org/slug/-/slug-2.1.0.tgz",
      "integrity": "sha512-Q4foEgcE7E8UB/BFg4kEzFUICoppzsbbfRjrdKiOM4Z4EFZF5tdn6amkgeaGur3kI4lMWP2BoMv7XJcKZvLg9Q==",
      "dependencies": {
        "unicode": ">= 0.3.1"
      },
      "bin": {
        "slug": "bin/slug.js"
      }
    },
    "node_modules/slugify": {
      "version": "1.3.6",
      "resolved": "https://registry.npmjs.org/slugify/-/slugify-1.3.6.tgz",
      "integrity": "sha512-wA9XS475ZmGNlEnYYLPReSfuz/c3VQsEMoU43mi6OnKMCdbnFXd4/Yg7J0lBv8jkPolacMpOrWEaoYxuE1+hoQ==",
      "engines": {
        "node": ">=4.0.0"
      }
    },
    "node_modules/unicode": {
      "version": "12.1.0",
      "resolved": "https://registry.npmjs.org/unicode/-/unicode-12.1.0.tgz",
      "integrity": "sha512-Ty6+Ew21DiYTWLYtd05RF/X4c1ekOvOgANyHbBj0h3MaXpfaGr2Rdmc0hMFuGQLyPLb9cU4ArNxl0bTF5HSzXw==",
      "engines": {
        "node": ">= 0.8.x"
      }
    }
  },
  "dependencies": {
    "darken": {
      "version": "1.1.0",
      "resolved": "https://registry.npmjs.org/darken/-/darken-1.1.0.tgz",
      "integrity": "sha512-tCLhveKA8H3IFXxblz0tAti5CZs+dHApiNQwxmi1s0ZSH8zJSqwo50FTrZBKQH4L9Q1+6ZAbp5U6iKivtIfRCA=="
    },
    "date-fns": {
      "version": "2.9.0",
      "resolved": "https://registry.npmjs.org/date-fns/-/date-fns-2.9.0.tgz",
      "integrity": "sha512-khbFLu/MlzLjEzy9Gh8oY1hNt/Dvxw3J6Rbc28cVoYWQaC1S3YI4xwkF9ZWcjDLscbZlY9hISMr66RFzZagLsA=="
    },
    "slug": {
      "version": "2.1.0",
      "resolved": "https://registry.npmjs.org/slug/-/slug-2.1.0.tgz",
      "integrity": "sha512-Q4foEgcE7E8UB/BFg4kEzFUICoppzsbbfRjrdKiOM4Z4EFZF5tdn6amkgeaGur3kI4lMWP2BoMv7XJcKZvLg9Q==",
      "requires": {
        "unicode": ">= 0.3.1"
      }
    },
    "slugify": {
      "version": "1.3.6",
      "resolved": "https://registry.npmjs.org/slugify/-/slugify-1.3.6.tgz",
      "integrity": "sha512-wA9XS475ZmGNlEnYYLPReSfuz/c3VQsEMoU43mi6OnKMCdbnFXd4/Yg7J0lBv8jkPolacMpOrWEaoYxuE1+hoQ=="
    },
    "unicode": {
      "version": "12.1.0",
      "resolved": "https://registry.npmjs.org/unicode/-/unicode-12.1.0.tgz",
      "integrity": "sha512-Ty6+Ew21DiYTWLYtd05RF/X4c1ekOvOgANyHbBj0h3MaXpfaGr2Rdmc0hMFuGQLyPLb9cU4ArNxl0bTF5HSzXw=="
    }
  }
}
